{
  "requires": true,
  "lockfileVersion": 1,
  "dependencies": {
    "@angular/animations": {
      "version": "7.0.3",
      "resolved": "https://registry.npmjs.org/@angular/animations/-/animations-7.0.3.tgz",
      "integrity": "sha512-jCRHlt+ghfSnP5a8HKr6R/Adc5Cq7i/mcYsn3V6M2QBpGFCVmy0ZWZa66QOhRaqler8u8EGi1PdoCCoGAZc4OA==",
      "requires": {
        "tslib": "^1.9.0"
      }
    },
    "@angular/cdk": {
      "version": "7.0.3",
      "resolved": "https://registry.npmjs.org/@angular/cdk/-/cdk-7.0.3.tgz",
      "integrity": "sha512-QT7U2tOBVfwn8Q71Nyh0UjlyXfZNKdanq3+b8GJ/+IB/d8mVdMRTXBGQ4PqY7CP+wpkgm+wbbUt3urZF1AqdmQ==",
      "requires": {
        "parse5": "^5.0.0",
        "tslib": "^1.7.1"
      }
    },
    "@angular/flex-layout": {
      "version": "7.0.0-beta.19",
      "resolved": "https://registry.npmjs.org/@angular/flex-layout/-/flex-layout-7.0.0-beta.19.tgz",
      "integrity": "sha512-MXq+zZ6/s5/+GsL9fZ42mKL0LjZ/+L0sVU5FaQuSAJ57soLl5QAGWvdxVmROtqcHd3Htp35R49nKSZBJ0nfAjg==",
      "requires": {
        "tslib": "^1.7.1"
      }
    },
    "@angular/material": {
      "version": "7.0.3",
      "resolved": "https://registry.npmjs.org/@angular/material/-/material-7.0.3.tgz",
      "integrity": "sha512-acJ2zU44k/rsd4OeTdAMVP0R3te8aXwfubDQGc8YI1CdRVW1XqMSvAWkToYDVaGvnZV53zQt/iSi1XWaSXYf1Q==",
      "requires": {
        "tslib": "^1.7.1"
      }
    },
    "parse5": {
      "version": "5.1.0",
      "resolved": "https://registry.npmjs.org/parse5/-/parse5-5.1.0.tgz",
      "integrity": "sha512-fxNG2sQjHvlVAYmzBZS9YlDp6PTSSDwa98vkD4QgVDDCAo84z5X1t5XyJQ62ImdLXx5NdIIfihey6xpum9/gRQ==",
      "optional": true
    },
    "tslib": {
      "version": "1.9.3",
      "resolved": "https://registry.npmjs.org/tslib/-/tslib-1.9.3.tgz",
      "integrity": "sha512-4krF8scpejhaOgqzBEcGM7yDIEfi0/8+8zDRZhNZZ2kjmHJ4hv3zCbQWxoJGz1iw5U0Jl0nma13xzHXcncMavQ=="
    }
  }
}
